schema: '2.0'
stages:
  make_dataset:
    cmd: python src/data/make_dataset.py
    deps:
    - path: data/raw/train.csv
      hash: md5
      md5: e59c291a4b1c640f1dab33b89daa22e1
      size: 200589097
      isexec: true
    - path: src/data/make_dataset.py
      hash: md5
      md5: 805754d48c524ad73370cab987db4450
      size: 1474
      isexec: true
    params:
      params.yaml:
        make_dataset.random_state: 30
        make_dataset.test_size: 0.1
    outs:
    - path: data/interim/train.csv
      hash: md5
      md5: fbc0c04f9785c21d960f3998a413b8f1
      size: 175992018
      isexec: true
    - path: data/interim/val.csv
      hash: md5
      md5: a69a0adfa27b23b7bf595f8372631e20
      size: 19554140
      isexec: true
  modify_features:
    cmd: python ./src/features/modify_features.py data/interim/train.csv 
      data/interim/val.csv data/raw/test.csv
    deps:
    - path: ./data/interim/train.csv
      hash: md5
      md5: fbc0c04f9785c21d960f3998a413b8f1
      size: 175992018
      isexec: true
    - path: ./data/interim/val.csv
      hash: md5
      md5: a69a0adfa27b23b7bf595f8372631e20
      size: 19554140
      isexec: true
    - path: ./data/raw/test.csv
      hash: md5
      md5: 0686e4fc98617485dba9fdbabbf1c48d
      size: 70794289
      isexec: true
    - path: ./src/features/distances.py
      hash: md5
      md5: 55cb4d9ec58c914fc1c77e09e1c7efef
      size: 1294
      isexec: true
    - path: ./src/features/modify_features.py
      hash: md5
      md5: d8bb2bcf8042b5bba6d81c5fa491f3d4
      size: 7041
      isexec: true
    outs:
    - path: ./data/processed/transformations
      hash: md5
      md5: a8df2014c8e26f1969e14243eea99509.dir
      size: 206111335
      nfiles: 3
  build_features:
    cmd: python ./src/features/build_features.py 
      data/processed/transformations/train.csv 
      data/processed/transformations/val.csv 
      data/processed/transformations/test.csv
    deps:
    - path: ./data/processed/transformations/test.csv
      hash: md5
      md5: a10d20d03f7e9ea04830a708b0e73a22
      size: 55769354
      isexec: true
    - path: ./data/processed/transformations/train.csv
      hash: md5
      md5: bbfe12987154f00b5b33ec46515b4d1d
      size: 135303843
      isexec: true
    - path: ./data/processed/transformations/val.csv
      hash: md5
      md5: 3573bf972f0e8c3859638e2ac134406f
      size: 15038138
      isexec: true
    - path: ./src/features/build_features.py
      hash: md5
      md5: 980f1a5baa4d363c46433c7eb307e77f
      size: 2190
      isexec: true
    - path: ./src/features/distances.py
      hash: md5
      md5: 55cb4d9ec58c914fc1c77e09e1c7efef
      size: 1294
      isexec: true
    outs:
    - path: ./data/processed/build-features
      hash: md5
      md5: 0122cc891cceb9b2cec7fac9fb55a534.dir
      size: 329164885
      nfiles: 3
  data_preprocessing:
    cmd: python ./src/features/data_preprocessing.py train.csv val.csv test.csv
    deps:
    - path: ./data/processed/build-features/test.csv
      hash: md5
      md5: fdba8f6fa03fa72676e55abb81167703
      size: 92720351
      isexec: true
    - path: ./data/processed/build-features/train.csv
      hash: md5
      md5: ffa9f41c0408b9f0156197aebd124b27
      size: 212795053
      isexec: true
    - path: ./data/processed/build-features/val.csv
      hash: md5
      md5: 529b1156719f9d92feda65f9af2f1b66
      size: 23649481
      isexec: true
    - path: ./src/features/data_preprocessing.py
      hash: md5
      md5: 415718a2b15e13f8da6567aff6e89596
      size: 7589
      isexec: true
    - path: ./src/features/outliers_removal.py
      hash: md5
      md5: a0ea9f0c61d6fbd9bb426d6a3f3dda70
      size: 1106
      isexec: true
    params:
      params.yaml:
        data_preprocessing.percentiles:
        - 0.002
        - 0.998
    outs:
    - path: ./data/processed/final
      hash: md5
      md5: 1c371260c395364d7cb963617e3d0f53.dir
      size: 349505812
      nfiles: 3
    - path: ./models/transformers
      hash: md5
      md5: aa6766b0c4b0c968410eb4cd89bc0544.dir
      size: 6078
      nfiles: 3
  train_model:
    cmd: python ./src/models/train_model.py data/processed/final/train.csv
    deps:
    - path: ./data/processed/final/train.csv
      hash: md5
      md5: d11579c45dd689130b581a2509efffc5
      size: 227814387
      isexec: true
    - path: ./src/models/train_model.py
      hash: md5
      md5: 668f5e602195437a5b272e67e574fdfc
      size: 2015
      isexec: true
    params:
      params.yaml:
        train_model.random_forest_regressor.max_depth: 6
        train_model.random_forest_regressor.n_estimators: 50
        train_model.random_forest_regressor.n_jobs: -1
        train_model.random_forest_regressor.verbose: 2
    outs:
    - path: ./models/models
      hash: md5
      md5: fd492df78afd14f5fb75c5045426ae49.dir
      size: 498788
      nfiles: 1
  predict_model:
    cmd: python ./src/models/predict_model.py train.csv val.csv
    deps:
    - path: ./data/processed/final/val.csv
      hash: md5
      md5: f31eaacc97a63894b38fd282fdd69ffb
      size: 25317023
      isexec: true
    - path: ./models/models
      hash: md5
      md5: fd492df78afd14f5fb75c5045426ae49.dir
      size: 498788
      nfiles: 1
    - path: ./src/models/predict_model.py
      hash: md5
      md5: f398e785d0925f2ee652b7fd1778ceda
      size: 1588
      isexec: true
